
Microsoft Visual Studio Solution File, Format Version 12.00
# Visual Studio Version 16
VisualStudioVersion = 16.0.31702.278
MinimumVisualStudioVersion = 10.0.40219.1
Project("{8BC9CEB8-8B4A-11D0-8D11-00A0C91BC942}") = "Banque_Finale1", "Banque_Finale1\Banque_Finale1.vcxproj", "{9A83293B-6FFE-400E-8505-73886BCF4525}"
EndProject
Global
	GlobalSection(SolutionConfigurationPlatforms) = preSolution
		Debug|x64 = Debug|x64
		Debug|x86 = Debug|x86
		Release|x64 = Release|x64
		Release|x86 = Release|x86
	EndGlobalSection
	GlobalSection(ProjectConfigurationPlatforms) = postSolution
		{9A83293B-6FFE-400E-8505-73886BCF4525}.Debug|x64.ActiveCfg = Debug|x64
		{9A83293B-6FFE-400E-8505-73886BCF4525}.Debug|x64.Build.0 = Debug|x64
		{9A83293B-6FFE-400E-8505-73886BCF4525}.Debug|x86.ActiveCfg = Debug|Win32
		{9A83293B-6FFE-400E-8505-73886BCF4525}.Debug|x86.Build.0 = Debug|Win32
		{9A83293B-6FFE-400E-8505-73886BCF4525}.Release|x64.ActiveCfg = Release|x64
		{9A83293B-6FFE-400E-8505-73886BCF4525}.Release|x64.Build.0 = Release|x64
		{9A83293B-6FFE-400E-8505-73886BCF4525}.Release|x86.ActiveCfg = Release|Win32
		{9A83293B-6FFE-400E-8505-73886BCF4525}.Release|x86.Build.0 = Release|Win32
	EndGlobalSection
	GlobalSection(SolutionProperties) = preSolution
		HideSolutionNode = FALSE
	EndGlobalSection
	GlobalSection(ExtensibilityGlobals) = postSolution
		SolutionGuid = {494E0675-6BAE-4DD0-8F90-CB9AA0C7093A}
	EndGlobalSection
EndGlobal
